{
  "object": {
    "pins": [
      {
        "package": "Common",
        "repositoryURL": "https://github.com/reizu/swift-common.git",
        "state": {
          "branch": "master",
          "revision": "cefbaa27b7fe2477fa02c385270d7e28a505f5cd",
          "version": null
        }
      },
      {
        "package": "LoggerAPI",
        "repositoryURL": "https://github.com/IBM-Swift/LoggerAPI.git",
        "state": {
          "branch": null,
          "revision": "ee0084cbb8bace59b3409cec05bedc5d2e97f8b7",
          "version": "1.7.2"
        }
      }
    ]
  },
  "version": 1
}
